
Microsoft Visual Studio Solution File, Format Version 12.00
# Visual Studio Version 17
VisualStudioVersion = 17.5.33502.453
MinimumVisualStudioVersion = 10.0.40219.1
Project("{FAE04EC0-301F-11D3-BF4B-00C04F79EFBC}") = "CalcLib", "CalcLib\CalcLib.csproj", "{BDA74558-064C-49B4-B02A-0A04D8DDE0F3}"
EndProject
Project("{FAE04EC0-301F-11D3-BF4B-00C04F79EFBC}") = "CalcLibTests", "CalcLibTests\CalcLibTests.csproj", "{B89A06D2-A52A-4577-A5B9-7BC5E4C4FB19}"
EndProject
Global
	GlobalSection(SolutionConfigurationPlatforms) = preSolution
		Debug|Any CPU = Debug|Any CPU
		Release|Any CPU = Release|Any CPU
	EndGlobalSection
	GlobalSection(ProjectConfigurationPlatforms) = postSolution
		{BDA74558-064C-49B4-B02A-0A04D8DDE0F3}.Debug|Any CPU.ActiveCfg = Debug|Any CPU
		{BDA74558-064C-49B4-B02A-0A04D8DDE0F3}.Debug|Any CPU.Build.0 = Debug|Any CPU
		{BDA74558-064C-49B4-B02A-0A04D8DDE0F3}.Release|Any CPU.ActiveCfg = Release|Any CPU
		{BDA74558-064C-49B4-B02A-0A04D8DDE0F3}.Release|Any CPU.Build.0 = Release|Any CPU
		{B89A06D2-A52A-4577-A5B9-7BC5E4C4FB19}.Debug|Any CPU.ActiveCfg = Debug|Any CPU
		{B89A06D2-A52A-4577-A5B9-7BC5E4C4FB19}.Debug|Any CPU.Build.0 = Debug|Any CPU
		{B89A06D2-A52A-4577-A5B9-7BC5E4C4FB19}.Release|Any CPU.ActiveCfg = Release|Any CPU
		{B89A06D2-A52A-4577-A5B9-7BC5E4C4FB19}.Release|Any CPU.Build.0 = Release|Any CPU
	EndGlobalSection
	GlobalSection(SolutionProperties) = preSolution
		HideSolutionNode = FALSE
	EndGlobalSection
	GlobalSection(ExtensibilityGlobals) = postSolution
		SolutionGuid = {303AC2B7-8722-478F-B63F-FCB06E13979A}
	EndGlobalSection
EndGlobal
